
Microsoft Visual Studio Solution File, Format Version 12.00
# Visual Studio Version 17
VisualStudioVersion = 17.8.34408.163
MinimumVisualStudioVersion = 10.0.40219.1
Project("{9A19103F-16F7-4668-BE54-9A1E7A4F7556}") = "CitiesManager.WebAPI", "CitiesManager.WebAPI\CitiesManager.WebAPI.csproj", "{A7F6F2CB-75C4-46D8-9C1F-4288B46C7B97}"
EndProject
Project("{FAE04EC0-301F-11D3-BF4B-00C04F79EFBC}") = "CitiesManager.Core", "CitiesManager.Core\CitiesManager.Core.csproj", "{3615B1F3-DF1A-4D0F-AB71-A537F0946EA2}"
EndProject
Project("{FAE04EC0-301F-11D3-BF4B-00C04F79EFBC}") = "CitiesManager.Infrastructure", "CitiesManager.Infrastructure\CitiesManager.Infrastructure.csproj", "{F0EBA975-AAC6-4660-80A1-ACE016E74D36}"
EndProject
Global
	GlobalSection(SolutionConfigurationPlatforms) = preSolution
		Debug|Any CPU = Debug|Any CPU
		Release|Any CPU = Release|Any CPU
	EndGlobalSection
	GlobalSection(ProjectConfigurationPlatforms) = postSolution
		{A7F6F2CB-75C4-46D8-9C1F-4288B46C7B97}.Debug|Any CPU.ActiveCfg = Debug|Any CPU
		{A7F6F2CB-75C4-46D8-9C1F-4288B46C7B97}.Debug|Any CPU.Build.0 = Debug|Any CPU
		{A7F6F2CB-75C4-46D8-9C1F-4288B46C7B97}.Release|Any CPU.ActiveCfg = Release|Any CPU
		{A7F6F2CB-75C4-46D8-9C1F-4288B46C7B97}.Release|Any CPU.Build.0 = Release|Any CPU
		{3615B1F3-DF1A-4D0F-AB71-A537F0946EA2}.Debug|Any CPU.ActiveCfg = Debug|Any CPU
		{3615B1F3-DF1A-4D0F-AB71-A537F0946EA2}.Debug|Any CPU.Build.0 = Debug|Any CPU
		{3615B1F3-DF1A-4D0F-AB71-A537F0946EA2}.Release|Any CPU.ActiveCfg = Release|Any CPU
		{3615B1F3-DF1A-4D0F-AB71-A537F0946EA2}.Release|Any CPU.Build.0 = Release|Any CPU
		{F0EBA975-AAC6-4660-80A1-ACE016E74D36}.Debug|Any CPU.ActiveCfg = Debug|Any CPU
		{F0EBA975-AAC6-4660-80A1-ACE016E74D36}.Debug|Any CPU.Build.0 = Debug|Any CPU
		{F0EBA975-AAC6-4660-80A1-ACE016E74D36}.Release|Any CPU.ActiveCfg = Release|Any CPU
		{F0EBA975-AAC6-4660-80A1-ACE016E74D36}.Release|Any CPU.Build.0 = Release|Any CPU
	EndGlobalSection
	GlobalSection(SolutionProperties) = preSolution
		HideSolutionNode = FALSE
	EndGlobalSection
	GlobalSection(ExtensibilityGlobals) = postSolution
		SolutionGuid = {5D1A0A1C-CEAC-4127-8F03-61BC8EEB3955}
	EndGlobalSection
EndGlobal
